
Microsoft Visual Studio Solution File, Format Version 12.00
# Visual Studio 2013
VisualStudioVersion = 12.0.21005.1
MinimumVisualStudioVersion = 10.0.40219.1
Project("{FAE04EC0-301F-11D3-BF4B-00C04F79EFBC}") = "OneBuyMall.Core", "OneBuyMall.Core\OneBuyMall.Core.csproj", "{4975CAD0-03AD-402B-93DA-3D751575CDB2}"
EndProject
Project("{FAE04EC0-301F-11D3-BF4B-00C04F79EFBC}") = "OneBuyMall.DAL", "OneBuyMall.DAL\OneBuyMall.DAL.csproj", "{2C948730-B41D-4F62-88C4-F4BCCCB9A29E}"
EndProject
Project("{FAE04EC0-301F-11D3-BF4B-00C04F79EFBC}") = "OneBuyMall.WebSite", "OneBuyMall.WebSite\OneBuyMall.WebSite.csproj", "{7B91E9DD-6579-4120-B8DC-0CECAB026FBA}"
EndProject
Project("{FAE04EC0-301F-11D3-BF4B-00C04F79EFBC}") = "OneBuyMall.LogHelper", "OneBuyMal.LogHelper\OneBuyMall.LogHelper.csproj", "{BDE436F5-2AE9-4706-9046-A5431F703535}"
EndProject
Global
	GlobalSection(SolutionConfigurationPlatforms) = preSolution
		Debug|Any CPU = Debug|Any CPU
		Release|Any CPU = Release|Any CPU
	EndGlobalSection
	GlobalSection(ProjectConfigurationPlatforms) = postSolution
		{4975CAD0-03AD-402B-93DA-3D751575CDB2}.Debug|Any CPU.ActiveCfg = Debug|Any CPU
		{4975CAD0-03AD-402B-93DA-3D751575CDB2}.Debug|Any CPU.Build.0 = Debug|Any CPU
		{4975CAD0-03AD-402B-93DA-3D751575CDB2}.Release|Any CPU.ActiveCfg = Release|Any CPU
		{4975CAD0-03AD-402B-93DA-3D751575CDB2}.Release|Any CPU.Build.0 = Release|Any CPU
		{2C948730-B41D-4F62-88C4-F4BCCCB9A29E}.Debug|Any CPU.ActiveCfg = Debug|Any CPU
		{2C948730-B41D-4F62-88C4-F4BCCCB9A29E}.Debug|Any CPU.Build.0 = Debug|Any CPU
		{2C948730-B41D-4F62-88C4-F4BCCCB9A29E}.Release|Any CPU.ActiveCfg = Release|Any CPU
		{2C948730-B41D-4F62-88C4-F4BCCCB9A29E}.Release|Any CPU.Build.0 = Release|Any CPU
		{7B91E9DD-6579-4120-B8DC-0CECAB026FBA}.Debug|Any CPU.ActiveCfg = Debug|Any CPU
		{7B91E9DD-6579-4120-B8DC-0CECAB026FBA}.Debug|Any CPU.Build.0 = Debug|Any CPU
		{7B91E9DD-6579-4120-B8DC-0CECAB026FBA}.Release|Any CPU.ActiveCfg = Release|Any CPU
		{7B91E9DD-6579-4120-B8DC-0CECAB026FBA}.Release|Any CPU.Build.0 = Release|Any CPU
		{BDE436F5-2AE9-4706-9046-A5431F703535}.Debug|Any CPU.ActiveCfg = Debug|Any CPU
		{BDE436F5-2AE9-4706-9046-A5431F703535}.Debug|Any CPU.Build.0 = Debug|Any CPU
		{BDE436F5-2AE9-4706-9046-A5431F703535}.Release|Any CPU.ActiveCfg = Release|Any CPU
		{BDE436F5-2AE9-4706-9046-A5431F703535}.Release|Any CPU.Build.0 = Release|Any CPU
	EndGlobalSection
	GlobalSection(SolutionProperties) = preSolution
		HideSolutionNode = FALSE
	EndGlobalSection
EndGlobal
